
Microsoft Visual Studio Solution File, Format Version 12.00
# Visual Studio Version 16
VisualStudioVersion = 16.0.28531.58
MinimumVisualStudioVersion = 10.0.40219.1
Project("{FAE04EC0-301F-11D3-BF4B-00C04F79EFBC}") = "TestRazorComponents.Server", "TestRazorComponents\TestRazorComponents.Server\TestRazorComponents.Server.csproj", "{E987C31E-2464-4FDA-B709-6CAC06282505}"
EndProject
Project("{FAE04EC0-301F-11D3-BF4B-00C04F79EFBC}") = "TestRazorComponents.App", "TestRazorComponents\TestRazorComponents.App\TestRazorComponents.App.csproj", "{678D5608-08AD-4EE3-B5FA-31447DC31177}"
EndProject
Global
	GlobalSection(SolutionConfigurationPlatforms) = preSolution
		Debug|Any CPU = Debug|Any CPU
		Release|Any CPU = Release|Any CPU
	EndGlobalSection
	GlobalSection(ProjectConfigurationPlatforms) = postSolution
		{E987C31E-2464-4FDA-B709-6CAC06282505}.Debug|Any CPU.ActiveCfg = Debug|Any CPU
		{E987C31E-2464-4FDA-B709-6CAC06282505}.Debug|Any CPU.Build.0 = Debug|Any CPU
		{E987C31E-2464-4FDA-B709-6CAC06282505}.Release|Any CPU.ActiveCfg = Release|Any CPU
		{E987C31E-2464-4FDA-B709-6CAC06282505}.Release|Any CPU.Build.0 = Release|Any CPU
		{678D5608-08AD-4EE3-B5FA-31447DC31177}.Debug|Any CPU.ActiveCfg = Debug|Any CPU
		{678D5608-08AD-4EE3-B5FA-31447DC31177}.Debug|Any CPU.Build.0 = Debug|Any CPU
		{678D5608-08AD-4EE3-B5FA-31447DC31177}.Release|Any CPU.ActiveCfg = Release|Any CPU
		{678D5608-08AD-4EE3-B5FA-31447DC31177}.Release|Any CPU.Build.0 = Release|Any CPU
	EndGlobalSection
	GlobalSection(SolutionProperties) = preSolution
		HideSolutionNode = FALSE
	EndGlobalSection
	GlobalSection(ExtensibilityGlobals) = postSolution
		SolutionGuid = {5263B3AD-57F3-4381-91DD-5466B20A444E}
	EndGlobalSection
EndGlobal
